
Microsoft Visual Studio Solution File, Format Version 12.00
# Visual Studio Version 17
VisualStudioVersion = 17.7.34018.315
MinimumVisualStudioVersion = 10.0.40219.1
Project("{FAE04EC0-301F-11D3-BF4B-00C04F79EFBC}") = "LearnImmutable", "LearnImmutable.csproj", "{0439721B-39CF-490E-917C-01C8DD456143}"
EndProject
Project("{FAE04EC0-301F-11D3-BF4B-00C04F79EFBC}") = "LearnImmutableTest", "..\LearnImmutableTest\LearnImmutableTest.csproj", "{CE4CE43A-08DE-483F-BC35-86EE61C5EEC6}"
EndProject
Global
	GlobalSection(SolutionConfigurationPlatforms) = preSolution
		Debug|Any CPU = Debug|Any CPU
		Release|Any CPU = Release|Any CPU
	EndGlobalSection
	GlobalSection(ProjectConfigurationPlatforms) = postSolution
		{0439721B-39CF-490E-917C-01C8DD456143}.Debug|Any CPU.ActiveCfg = Debug|Any CPU
		{0439721B-39CF-490E-917C-01C8DD456143}.Debug|Any CPU.Build.0 = Debug|Any CPU
		{0439721B-39CF-490E-917C-01C8DD456143}.Release|Any CPU.ActiveCfg = Release|Any CPU
		{0439721B-39CF-490E-917C-01C8DD456143}.Release|Any CPU.Build.0 = Release|Any CPU
		{CE4CE43A-08DE-483F-BC35-86EE61C5EEC6}.Debug|Any CPU.ActiveCfg = Debug|Any CPU
		{CE4CE43A-08DE-483F-BC35-86EE61C5EEC6}.Debug|Any CPU.Build.0 = Debug|Any CPU
		{CE4CE43A-08DE-483F-BC35-86EE61C5EEC6}.Release|Any CPU.ActiveCfg = Release|Any CPU
		{CE4CE43A-08DE-483F-BC35-86EE61C5EEC6}.Release|Any CPU.Build.0 = Release|Any CPU
	EndGlobalSection
	GlobalSection(SolutionProperties) = preSolution
		HideSolutionNode = FALSE
	EndGlobalSection
	GlobalSection(ExtensibilityGlobals) = postSolution
		SolutionGuid = {D7C45A84-E45D-4B5E-90E9-7BF0C57248B1}
	EndGlobalSection
EndGlobal
