
Microsoft Visual Studio Solution File, Format Version 12.00
# Visual Studio Version 17
VisualStudioVersion = 17.7.34024.191
MinimumVisualStudioVersion = 10.0.40219.1
Project("{FAE04EC0-301F-11D3-BF4B-00C04F79EFBC}") = "Drop While Functiion", "Drop While Functiion.csproj", "{06244D1D-B574-490C-A9F7-60307F5EFCF9}"
EndProject
Global
	GlobalSection(SolutionConfigurationPlatforms) = preSolution
		Debug|Any CPU = Debug|Any CPU
		Release|Any CPU = Release|Any CPU
	EndGlobalSection
	GlobalSection(ProjectConfigurationPlatforms) = postSolution
		{06244D1D-B574-490C-A9F7-60307F5EFCF9}.Debug|Any CPU.ActiveCfg = Debug|Any CPU
		{06244D1D-B574-490C-A9F7-60307F5EFCF9}.Debug|Any CPU.Build.0 = Debug|Any CPU
		{06244D1D-B574-490C-A9F7-60307F5EFCF9}.Release|Any CPU.ActiveCfg = Release|Any CPU
		{06244D1D-B574-490C-A9F7-60307F5EFCF9}.Release|Any CPU.Build.0 = Release|Any CPU
	EndGlobalSection
	GlobalSection(SolutionProperties) = preSolution
		HideSolutionNode = FALSE
	EndGlobalSection
	GlobalSection(ExtensibilityGlobals) = postSolution
		SolutionGuid = {D4498845-B2F8-4741-BF0C-155003E3562D}
	EndGlobalSection
EndGlobal
