
Microsoft Visual Studio Solution File, Format Version 12.00
# Visual Studio Version 17
VisualStudioVersion = 17.7.34018.315
MinimumVisualStudioVersion = 10.0.40219.1
Project("{FAE04EC0-301F-11D3-BF4B-00C04F79EFBC}") = "Fibonacci", "Fibonacci.csproj", "{7F7D60E6-C3FB-4862-8987-F42F6DA9108C}"
EndProject
Global
	GlobalSection(SolutionConfigurationPlatforms) = preSolution
		Debug|Any CPU = Debug|Any CPU
		Release|Any CPU = Release|Any CPU
	EndGlobalSection
	GlobalSection(ProjectConfigurationPlatforms) = postSolution
		{7F7D60E6-C3FB-4862-8987-F42F6DA9108C}.Debug|Any CPU.ActiveCfg = Debug|Any CPU
		{7F7D60E6-C3FB-4862-8987-F42F6DA9108C}.Debug|Any CPU.Build.0 = Debug|Any CPU
		{7F7D60E6-C3FB-4862-8987-F42F6DA9108C}.Release|Any CPU.ActiveCfg = Release|Any CPU
		{7F7D60E6-C3FB-4862-8987-F42F6DA9108C}.Release|Any CPU.Build.0 = Release|Any CPU
	EndGlobalSection
	GlobalSection(SolutionProperties) = preSolution
		HideSolutionNode = FALSE
	EndGlobalSection
	GlobalSection(ExtensibilityGlobals) = postSolution
		SolutionGuid = {B1099235-73F3-4E6A-98CF-A7E949C3017C}
	EndGlobalSection
EndGlobal
